Microsoft Visual Studio Solution File, Format Version 12.00
# Visual Studio Version 17
VisualStudioVersion = 17.5.2.0
MinimumVisualStudioVersion = 10.0.40219.1
Project("{FAE04EC0-301F-11D3-BF4B-00C04F79EFBC}") = "DSA_PR25", "DSA_PR25.csproj", "{9578445F-66E8-DD1F-D9D9-9D879FD33D5B}"
EndProject
Global
	GlobalSection(SolutionConfigurationPlatforms) = preSolution
		Debug|Any CPU = Debug|Any CPU
		Release|Any CPU = Release|Any CPU
	EndGlobalSection
	GlobalSection(ProjectConfigurationPlatforms) = postSolution
		{9578445F-66E8-DD1F-D9D9-9D879FD33D5B}.Debug|Any CPU.ActiveCfg = Debug|Any CPU
		{9578445F-66E8-DD1F-D9D9-9D879FD33D5B}.Debug|Any CPU.Build.0 = Debug|Any CPU
		{9578445F-66E8-DD1F-D9D9-9D879FD33D5B}.Release|Any CPU.ActiveCfg = Release|Any CPU
		{9578445F-66E8-DD1F-D9D9-9D879FD33D5B}.Release|Any CPU.Build.0 = Release|Any CPU
	EndGlobalSection
	GlobalSection(SolutionProperties) = preSolution
		HideSolutionNode = FALSE
	EndGlobalSection
	GlobalSection(ExtensibilityGlobals) = postSolution
		SolutionGuid = {E53A4C15-9850-4E1F-8F4D-928F304AD7B7}
	EndGlobalSection
EndGlobal
